
Microsoft Visual Studio Solution File, Format Version 12.00
# Visual Studio Version 16
VisualStudioVersion = 16.0.30413.136
MinimumVisualStudioVersion = 10.0.40219.1
Project("{FAE04EC0-301F-11D3-BF4B-00C04F79EFBC}") = "04.FirstAndReserveTeam", "04.FirstAndReserveTeam\04.FirstAndReserveTeam.csproj", "{8BB47458-A9B8-464B-8CCA-D3C1CBFF08ED}"
EndProject
Project("{9A19103F-16F7-4668-BE54-9A1E7A4F7556}") = "03.ValidationOfData", "03.ValidationOfData\03.ValidationOfData.csproj", "{A6484E6D-1415-440C-9D25-62667C33107F}"
EndProject
Project("{9A19103F-16F7-4668-BE54-9A1E7A4F7556}") = "02.SalaryIncrease", "02.SalaryIncrease\02.SalaryIncrease.csproj", "{1D4818B4-2F7A-4C55-BCBA-7A90E3B30841}"
EndProject
Project("{9A19103F-16F7-4668-BE54-9A1E7A4F7556}") = "01.SortPersonsByNameAndAge", "01.SortPersonsByNameAndAge\01.SortPersonsByNameAndAge.csproj", "{40D7BB52-F2E9-4FB8-8696-53366DFFAB2E}"
EndProject
Global
	GlobalSection(SolutionConfigurationPlatforms) = preSolution
		Debug|Any CPU = Debug|Any CPU
		Release|Any CPU = Release|Any CPU
	EndGlobalSection
	GlobalSection(ProjectConfigurationPlatforms) = postSolution
		{8BB47458-A9B8-464B-8CCA-D3C1CBFF08ED}.Debug|Any CPU.ActiveCfg = Debug|Any CPU
		{8BB47458-A9B8-464B-8CCA-D3C1CBFF08ED}.Debug|Any CPU.Build.0 = Debug|Any CPU
		{8BB47458-A9B8-464B-8CCA-D3C1CBFF08ED}.Release|Any CPU.ActiveCfg = Release|Any CPU
		{8BB47458-A9B8-464B-8CCA-D3C1CBFF08ED}.Release|Any CPU.Build.0 = Release|Any CPU
		{A6484E6D-1415-440C-9D25-62667C33107F}.Debug|Any CPU.ActiveCfg = Debug|Any CPU
		{A6484E6D-1415-440C-9D25-62667C33107F}.Debug|Any CPU.Build.0 = Debug|Any CPU
		{A6484E6D-1415-440C-9D25-62667C33107F}.Release|Any CPU.ActiveCfg = Release|Any CPU
		{A6484E6D-1415-440C-9D25-62667C33107F}.Release|Any CPU.Build.0 = Release|Any CPU
		{1D4818B4-2F7A-4C55-BCBA-7A90E3B30841}.Debug|Any CPU.ActiveCfg = Debug|Any CPU
		{1D4818B4-2F7A-4C55-BCBA-7A90E3B30841}.Debug|Any CPU.Build.0 = Debug|Any CPU
		{1D4818B4-2F7A-4C55-BCBA-7A90E3B30841}.Release|Any CPU.ActiveCfg = Release|Any CPU
		{1D4818B4-2F7A-4C55-BCBA-7A90E3B30841}.Release|Any CPU.Build.0 = Release|Any CPU
		{40D7BB52-F2E9-4FB8-8696-53366DFFAB2E}.Debug|Any CPU.ActiveCfg = Debug|Any CPU
		{40D7BB52-F2E9-4FB8-8696-53366DFFAB2E}.Debug|Any CPU.Build.0 = Debug|Any CPU
		{40D7BB52-F2E9-4FB8-8696-53366DFFAB2E}.Release|Any CPU.ActiveCfg = Release|Any CPU
		{40D7BB52-F2E9-4FB8-8696-53366DFFAB2E}.Release|Any CPU.Build.0 = Release|Any CPU
	EndGlobalSection
	GlobalSection(SolutionProperties) = preSolution
		HideSolutionNode = FALSE
	EndGlobalSection
	GlobalSection(ExtensibilityGlobals) = postSolution
		SolutionGuid = {A2B8C55D-F2B5-4046-A5DF-59C4FE1BC88C}
	EndGlobalSection
EndGlobal
