
Microsoft Visual Studio Solution File, Format Version 12.00
# Visual Studio Version 16
VisualStudioVersion = 16.0.30413.136
MinimumVisualStudioVersion = 10.0.40219.1
Project("{9A19103F-16F7-4668-BE54-9A1E7A4F7556}") = "DefiningClasses", "DefiningClasses\DefiningClasses.csproj", "{8E5C09CC-E436-49C8-B89F-793CB0FE92F1}"
EndProject
Project("{9A19103F-16F7-4668-BE54-9A1E7A4F7556}") = "DateModifier", "DateModifier\DateModifier.csproj", "{F2BAC156-33D9-4AD5-B2F0-38935E00B7E9}"
EndProject
Project("{9A19103F-16F7-4668-BE54-9A1E7A4F7556}") = "SpeedRacing", "SpeedRacing\SpeedRacing.csproj", "{A3443DA5-C72B-4AAB-B7F5-93AA563339E6}"
EndProject
Project("{9A19103F-16F7-4668-BE54-9A1E7A4F7556}") = "RawData", "RawData\RawData.csproj", "{D4E5850A-369F-478A-BAC8-DF913D2BD717}"
EndProject
Project("{9A19103F-16F7-4668-BE54-9A1E7A4F7556}") = "CarSalesman", "CarSalesman\CarSalesman.csproj", "{1D8A607F-36A5-437A-BB6F-8DCAD554607D}"
EndProject
Project("{9A19103F-16F7-4668-BE54-9A1E7A4F7556}") = "PokemonTrainer", "PokemonTrainer\PokemonTrainer.csproj", "{A2DAF642-6ADD-4367-A97A-21ADC884DB21}"
EndProject
Project("{9A19103F-16F7-4668-BE54-9A1E7A4F7556}") = "SoftUniParking", "SoftUniParking\SoftUniParking.csproj", "{8D10116A-987D-4D1D-82FD-B50FE1D1C887}"
EndProject
Global
	GlobalSection(SolutionConfigurationPlatforms) = preSolution
		Debug|Any CPU = Debug|Any CPU
		Release|Any CPU = Release|Any CPU
	EndGlobalSection
	GlobalSection(ProjectConfigurationPlatforms) = postSolution
		{8E5C09CC-E436-49C8-B89F-793CB0FE92F1}.Debug|Any CPU.ActiveCfg = Debug|Any CPU
		{8E5C09CC-E436-49C8-B89F-793CB0FE92F1}.Debug|Any CPU.Build.0 = Debug|Any CPU
		{8E5C09CC-E436-49C8-B89F-793CB0FE92F1}.Release|Any CPU.ActiveCfg = Release|Any CPU
		{8E5C09CC-E436-49C8-B89F-793CB0FE92F1}.Release|Any CPU.Build.0 = Release|Any CPU
		{F2BAC156-33D9-4AD5-B2F0-38935E00B7E9}.Debug|Any CPU.ActiveCfg = Debug|Any CPU
		{F2BAC156-33D9-4AD5-B2F0-38935E00B7E9}.Debug|Any CPU.Build.0 = Debug|Any CPU
		{F2BAC156-33D9-4AD5-B2F0-38935E00B7E9}.Release|Any CPU.ActiveCfg = Release|Any CPU
		{F2BAC156-33D9-4AD5-B2F0-38935E00B7E9}.Release|Any CPU.Build.0 = Release|Any CPU
		{A3443DA5-C72B-4AAB-B7F5-93AA563339E6}.Debug|Any CPU.ActiveCfg = Debug|Any CPU
		{A3443DA5-C72B-4AAB-B7F5-93AA563339E6}.Debug|Any CPU.Build.0 = Debug|Any CPU
		{A3443DA5-C72B-4AAB-B7F5-93AA563339E6}.Release|Any CPU.ActiveCfg = Release|Any CPU
		{A3443DA5-C72B-4AAB-B7F5-93AA563339E6}.Release|Any CPU.Build.0 = Release|Any CPU
		{D4E5850A-369F-478A-BAC8-DF913D2BD717}.Debug|Any CPU.ActiveCfg = Debug|Any CPU
		{D4E5850A-369F-478A-BAC8-DF913D2BD717}.Debug|Any CPU.Build.0 = Debug|Any CPU
		{D4E5850A-369F-478A-BAC8-DF913D2BD717}.Release|Any CPU.ActiveCfg = Release|Any CPU
		{D4E5850A-369F-478A-BAC8-DF913D2BD717}.Release|Any CPU.Build.0 = Release|Any CPU
		{1D8A607F-36A5-437A-BB6F-8DCAD554607D}.Debug|Any CPU.ActiveCfg = Debug|Any CPU
		{1D8A607F-36A5-437A-BB6F-8DCAD554607D}.Debug|Any CPU.Build.0 = Debug|Any CPU
		{1D8A607F-36A5-437A-BB6F-8DCAD554607D}.Release|Any CPU.ActiveCfg = Release|Any CPU
		{1D8A607F-36A5-437A-BB6F-8DCAD554607D}.Release|Any CPU.Build.0 = Release|Any CPU
		{A2DAF642-6ADD-4367-A97A-21ADC884DB21}.Debug|Any CPU.ActiveCfg = Debug|Any CPU
		{A2DAF642-6ADD-4367-A97A-21ADC884DB21}.Debug|Any CPU.Build.0 = Debug|Any CPU
		{A2DAF642-6ADD-4367-A97A-21ADC884DB21}.Release|Any CPU.ActiveCfg = Release|Any CPU
		{A2DAF642-6ADD-4367-A97A-21ADC884DB21}.Release|Any CPU.Build.0 = Release|Any CPU
		{8D10116A-987D-4D1D-82FD-B50FE1D1C887}.Debug|Any CPU.ActiveCfg = Debug|Any CPU
		{8D10116A-987D-4D1D-82FD-B50FE1D1C887}.Debug|Any CPU.Build.0 = Debug|Any CPU
		{8D10116A-987D-4D1D-82FD-B50FE1D1C887}.Release|Any CPU.ActiveCfg = Release|Any CPU
		{8D10116A-987D-4D1D-82FD-B50FE1D1C887}.Release|Any CPU.Build.0 = Release|Any CPU
	EndGlobalSection
	GlobalSection(SolutionProperties) = preSolution
		HideSolutionNode = FALSE
	EndGlobalSection
	GlobalSection(ExtensibilityGlobals) = postSolution
		SolutionGuid = {03B1BCC9-4023-4352-B687-20D9DBA3CE22}
	EndGlobalSection
EndGlobal
