
Microsoft Visual Studio Solution File, Format Version 12.00
# Visual Studio Version 16
VisualStudioVersion = 16.0.30413.136
MinimumVisualStudioVersion = 10.0.40219.1
Project("{FAE04EC0-301F-11D3-BF4B-00C04F79EFBC}") = "DefiningClasses", "DefiningClasses\DefiningClasses.csproj", "{8E5C09CC-E436-49C8-B89F-793CB0FE92F1}"
EndProject
Project("{FAE04EC0-301F-11D3-BF4B-00C04F79EFBC}") = "DateModifier", "DateModifier\DateModifier.csproj", "{F2BAC156-33D9-4AD5-B2F0-38935E00B7E9}"
EndProject
Project("{FAE04EC0-301F-11D3-BF4B-00C04F79EFBC}") = "SpeedRacing", "SpeedRacing\SpeedRacing.csproj", "{A3443DA5-C72B-4AAB-B7F5-93AA563339E6}"
EndProject
Global
	GlobalSection(SolutionConfigurationPlatforms) = preSolution
		Debug|Any CPU = Debug|Any CPU
		Release|Any CPU = Release|Any CPU
	EndGlobalSection
	GlobalSection(ProjectConfigurationPlatforms) = postSolution
		{8E5C09CC-E436-49C8-B89F-793CB0FE92F1}.Debug|Any CPU.ActiveCfg = Debug|Any CPU
		{8E5C09CC-E436-49C8-B89F-793CB0FE92F1}.Debug|Any CPU.Build.0 = Debug|Any CPU
		{8E5C09CC-E436-49C8-B89F-793CB0FE92F1}.Release|Any CPU.ActiveCfg = Release|Any CPU
		{8E5C09CC-E436-49C8-B89F-793CB0FE92F1}.Release|Any CPU.Build.0 = Release|Any CPU
		{F2BAC156-33D9-4AD5-B2F0-38935E00B7E9}.Debug|Any CPU.ActiveCfg = Debug|Any CPU
		{F2BAC156-33D9-4AD5-B2F0-38935E00B7E9}.Debug|Any CPU.Build.0 = Debug|Any CPU
		{F2BAC156-33D9-4AD5-B2F0-38935E00B7E9}.Release|Any CPU.ActiveCfg = Release|Any CPU
		{F2BAC156-33D9-4AD5-B2F0-38935E00B7E9}.Release|Any CPU.Build.0 = Release|Any CPU
		{A3443DA5-C72B-4AAB-B7F5-93AA563339E6}.Debug|Any CPU.ActiveCfg = Debug|Any CPU
		{A3443DA5-C72B-4AAB-B7F5-93AA563339E6}.Debug|Any CPU.Build.0 = Debug|Any CPU
		{A3443DA5-C72B-4AAB-B7F5-93AA563339E6}.Release|Any CPU.ActiveCfg = Release|Any CPU
		{A3443DA5-C72B-4AAB-B7F5-93AA563339E6}.Release|Any CPU.Build.0 = Release|Any CPU
	EndGlobalSection
	GlobalSection(SolutionProperties) = preSolution
		HideSolutionNode = FALSE
	EndGlobalSection
	GlobalSection(ExtensibilityGlobals) = postSolution
		SolutionGuid = {03B1BCC9-4023-4352-B687-20D9DBA3CE22}
	EndGlobalSection
EndGlobal
