
Microsoft Visual Studio Solution File, Format Version 12.00
# Visual Studio Version 16
VisualStudioVersion = 16.0.30114.105
MinimumVisualStudioVersion = 10.0.40219.1
Project("{9A19103F-16F7-4668-BE54-9A1E7A4F7556}") = "01.Train", "01.Train\01.Train.csproj", "{AB7F1CFD-29FA-4A5D-8832-F2FC9D4A6D0D}"
EndProject
Project("{9A19103F-16F7-4668-BE54-9A1E7A4F7556}") = "02.ChangeList", "02.ChangeList\02.ChangeList.csproj", "{4F17317E-CA7A-47D6-9F70-0046E19C6A03}"
EndProject
Project("{9A19103F-16F7-4668-BE54-9A1E7A4F7556}") = "04.ListOperations", "04.ListOperations\04.ListOperations.csproj", "{D418332D-257F-4C9D-8042-8899B4ADF808}"
EndProject
Project("{FAE04EC0-301F-11D3-BF4B-00C04F79EFBC}") = "03.HouseParty", "03.1.HouseParty\03.HouseParty.csproj", "{916614D7-279E-4D71-A362-4005FC2E5D74}"
EndProject
Project("{FAE04EC0-301F-11D3-BF4B-00C04F79EFBC}") = "05.BombNumbers", "05.BombNumbers\05.BombNumbers.csproj", "{4F96F1B1-B6E3-49CD-982D-76DC0CCC2206}"
EndProject
Project("{FAE04EC0-301F-11D3-BF4B-00C04F79EFBC}") = "06.CardsGame", "06.CardsGame\06.CardsGame.csproj", "{F67CC32C-2518-44F2-A293-B989DA1A266B}"
EndProject
Project("{FAE04EC0-301F-11D3-BF4B-00C04F79EFBC}") = "07.AppendArrays", "07.AppendArrays\07.AppendArrays.csproj", "{425BFB38-29A0-42B6-9529-B211027F2177}"
EndProject
Global
	GlobalSection(SolutionConfigurationPlatforms) = preSolution
		Debug|Any CPU = Debug|Any CPU
		Release|Any CPU = Release|Any CPU
	EndGlobalSection
	GlobalSection(ProjectConfigurationPlatforms) = postSolution
		{AB7F1CFD-29FA-4A5D-8832-F2FC9D4A6D0D}.Debug|Any CPU.ActiveCfg = Debug|Any CPU
		{AB7F1CFD-29FA-4A5D-8832-F2FC9D4A6D0D}.Debug|Any CPU.Build.0 = Debug|Any CPU
		{AB7F1CFD-29FA-4A5D-8832-F2FC9D4A6D0D}.Release|Any CPU.ActiveCfg = Release|Any CPU
		{AB7F1CFD-29FA-4A5D-8832-F2FC9D4A6D0D}.Release|Any CPU.Build.0 = Release|Any CPU
		{4F17317E-CA7A-47D6-9F70-0046E19C6A03}.Debug|Any CPU.ActiveCfg = Debug|Any CPU
		{4F17317E-CA7A-47D6-9F70-0046E19C6A03}.Debug|Any CPU.Build.0 = Debug|Any CPU
		{4F17317E-CA7A-47D6-9F70-0046E19C6A03}.Release|Any CPU.ActiveCfg = Release|Any CPU
		{4F17317E-CA7A-47D6-9F70-0046E19C6A03}.Release|Any CPU.Build.0 = Release|Any CPU
		{D418332D-257F-4C9D-8042-8899B4ADF808}.Debug|Any CPU.ActiveCfg = Debug|Any CPU
		{D418332D-257F-4C9D-8042-8899B4ADF808}.Debug|Any CPU.Build.0 = Debug|Any CPU
		{D418332D-257F-4C9D-8042-8899B4ADF808}.Release|Any CPU.ActiveCfg = Release|Any CPU
		{D418332D-257F-4C9D-8042-8899B4ADF808}.Release|Any CPU.Build.0 = Release|Any CPU
		{916614D7-279E-4D71-A362-4005FC2E5D74}.Debug|Any CPU.ActiveCfg = Debug|Any CPU
		{916614D7-279E-4D71-A362-4005FC2E5D74}.Debug|Any CPU.Build.0 = Debug|Any CPU
		{916614D7-279E-4D71-A362-4005FC2E5D74}.Release|Any CPU.ActiveCfg = Release|Any CPU
		{916614D7-279E-4D71-A362-4005FC2E5D74}.Release|Any CPU.Build.0 = Release|Any CPU
		{4F96F1B1-B6E3-49CD-982D-76DC0CCC2206}.Debug|Any CPU.ActiveCfg = Debug|Any CPU
		{4F96F1B1-B6E3-49CD-982D-76DC0CCC2206}.Debug|Any CPU.Build.0 = Debug|Any CPU
		{4F96F1B1-B6E3-49CD-982D-76DC0CCC2206}.Release|Any CPU.ActiveCfg = Release|Any CPU
		{4F96F1B1-B6E3-49CD-982D-76DC0CCC2206}.Release|Any CPU.Build.0 = Release|Any CPU
		{F67CC32C-2518-44F2-A293-B989DA1A266B}.Debug|Any CPU.ActiveCfg = Debug|Any CPU
		{F67CC32C-2518-44F2-A293-B989DA1A266B}.Debug|Any CPU.Build.0 = Debug|Any CPU
		{F67CC32C-2518-44F2-A293-B989DA1A266B}.Release|Any CPU.ActiveCfg = Release|Any CPU
		{F67CC32C-2518-44F2-A293-B989DA1A266B}.Release|Any CPU.Build.0 = Release|Any CPU
		{425BFB38-29A0-42B6-9529-B211027F2177}.Debug|Any CPU.ActiveCfg = Debug|Any CPU
		{425BFB38-29A0-42B6-9529-B211027F2177}.Debug|Any CPU.Build.0 = Debug|Any CPU
		{425BFB38-29A0-42B6-9529-B211027F2177}.Release|Any CPU.ActiveCfg = Release|Any CPU
		{425BFB38-29A0-42B6-9529-B211027F2177}.Release|Any CPU.Build.0 = Release|Any CPU
	EndGlobalSection
	GlobalSection(SolutionProperties) = preSolution
		HideSolutionNode = FALSE
	EndGlobalSection
	GlobalSection(ExtensibilityGlobals) = postSolution
		SolutionGuid = {653A39AB-8E20-45E0-ADA3-865677E544D7}
	EndGlobalSection
EndGlobal
