
Microsoft Visual Studio Solution File, Format Version 12.00
# Visual Studio Version 16
VisualStudioVersion = 16.0.31112.23
MinimumVisualStudioVersion = 10.0.40219.1
Project("{9A19103F-16F7-4668-BE54-9A1E7A4F7556}") = "SIS.HTTP", "SIS.HTTP\SIS.HTTP.csproj", "{FB91334B-B042-4F06-89D1-B1ABA1BD4115}"
EndProject
Project("{9A19103F-16F7-4668-BE54-9A1E7A4F7556}") = "SIS.MvcFramework", "SIS.MvcFramework\SIS.MvcFramework.csproj", "{32980F31-1815-4647-92F0-D23097B96EC6}"
EndProject
Project("{9A19103F-16F7-4668-BE54-9A1E7A4F7556}") = "Sis.MvcFramework.Tests", "Sis.MvcFramework.Tests\Sis.MvcFramework.Tests.csproj", "{B1FB0FAA-FDED-42A7-B044-3B01C464DA90}"
EndProject
Project("{FAE04EC0-301F-11D3-BF4B-00C04F79EFBC}") = "SharedTrip.App", "SharedTrip.App\SharedTrip.App.csproj", "{62D424DD-0193-4D0F-AF49-C93B9C0CB816}"
EndProject
Global
	GlobalSection(SolutionConfigurationPlatforms) = preSolution
		Debug|Any CPU = Debug|Any CPU
		Release|Any CPU = Release|Any CPU
	EndGlobalSection
	GlobalSection(ProjectConfigurationPlatforms) = postSolution
		{FB91334B-B042-4F06-89D1-B1ABA1BD4115}.Debug|Any CPU.ActiveCfg = Debug|Any CPU
		{FB91334B-B042-4F06-89D1-B1ABA1BD4115}.Debug|Any CPU.Build.0 = Debug|Any CPU
		{FB91334B-B042-4F06-89D1-B1ABA1BD4115}.Release|Any CPU.ActiveCfg = Release|Any CPU
		{FB91334B-B042-4F06-89D1-B1ABA1BD4115}.Release|Any CPU.Build.0 = Release|Any CPU
		{32980F31-1815-4647-92F0-D23097B96EC6}.Debug|Any CPU.ActiveCfg = Debug|Any CPU
		{32980F31-1815-4647-92F0-D23097B96EC6}.Debug|Any CPU.Build.0 = Debug|Any CPU
		{32980F31-1815-4647-92F0-D23097B96EC6}.Release|Any CPU.ActiveCfg = Release|Any CPU
		{32980F31-1815-4647-92F0-D23097B96EC6}.Release|Any CPU.Build.0 = Release|Any CPU
		{B1FB0FAA-FDED-42A7-B044-3B01C464DA90}.Debug|Any CPU.ActiveCfg = Debug|Any CPU
		{B1FB0FAA-FDED-42A7-B044-3B01C464DA90}.Debug|Any CPU.Build.0 = Debug|Any CPU
		{B1FB0FAA-FDED-42A7-B044-3B01C464DA90}.Release|Any CPU.ActiveCfg = Release|Any CPU
		{B1FB0FAA-FDED-42A7-B044-3B01C464DA90}.Release|Any CPU.Build.0 = Release|Any CPU
		{62D424DD-0193-4D0F-AF49-C93B9C0CB816}.Debug|Any CPU.ActiveCfg = Debug|Any CPU
		{62D424DD-0193-4D0F-AF49-C93B9C0CB816}.Debug|Any CPU.Build.0 = Debug|Any CPU
		{62D424DD-0193-4D0F-AF49-C93B9C0CB816}.Release|Any CPU.ActiveCfg = Release|Any CPU
		{62D424DD-0193-4D0F-AF49-C93B9C0CB816}.Release|Any CPU.Build.0 = Release|Any CPU
	EndGlobalSection
	GlobalSection(SolutionProperties) = preSolution
		HideSolutionNode = FALSE
	EndGlobalSection
	GlobalSection(ExtensibilityGlobals) = postSolution
		SolutionGuid = {E42DADCA-779B-4711-B2A1-4BA3125A01EE}
	EndGlobalSection
EndGlobal
