
Microsoft Visual Studio Solution File, Format Version 12.00
# Visual Studio Version 16
VisualStudioVersion = 16.0.31019.35
MinimumVisualStudioVersion = 10.0.40219.1
Project("{FAE04EC0-301F-11D3-BF4B-00C04F79EFBC}") = "MusicHub", "MusicHun\MusicHub.csproj", "{C92AE6F4-F52B-4C11-9944-E78243BD51D2}"
EndProject
Global
	GlobalSection(SolutionConfigurationPlatforms) = preSolution
		Debug|Any CPU = Debug|Any CPU
		Release|Any CPU = Release|Any CPU
	EndGlobalSection
	GlobalSection(ProjectConfigurationPlatforms) = postSolution
		{C92AE6F4-F52B-4C11-9944-E78243BD51D2}.Debug|Any CPU.ActiveCfg = Debug|Any CPU
		{C92AE6F4-F52B-4C11-9944-E78243BD51D2}.Debug|Any CPU.Build.0 = Debug|Any CPU
		{C92AE6F4-F52B-4C11-9944-E78243BD51D2}.Release|Any CPU.ActiveCfg = Release|Any CPU
		{C92AE6F4-F52B-4C11-9944-E78243BD51D2}.Release|Any CPU.Build.0 = Release|Any CPU
	EndGlobalSection
	GlobalSection(SolutionProperties) = preSolution
		HideSolutionNode = FALSE
	EndGlobalSection
	GlobalSection(ExtensibilityGlobals) = postSolution
		SolutionGuid = {CB94BFDE-0C2E-4137-AA17-971F1AFE1A6C}
	EndGlobalSection
EndGlobal
