
Microsoft Visual Studio Solution File, Format Version 12.00
# Visual Studio Version 16
VisualStudioVersion = 16.0.30114.105
MinimumVisualStudioVersion = 10.0.40219.1
Project("{FAE04EC0-301F-11D3-BF4B-00C04F79EFBC}") = "02.ArcheryTournament", "02.ArcheryTournament\02.ArcheryTournament.csproj", "{523E4906-C970-4FBB-9F9D-B3DD4C0EF9D1}"
EndProject
Global
	GlobalSection(SolutionConfigurationPlatforms) = preSolution
		Debug|Any CPU = Debug|Any CPU
		Release|Any CPU = Release|Any CPU
	EndGlobalSection
	GlobalSection(ProjectConfigurationPlatforms) = postSolution
		{523E4906-C970-4FBB-9F9D-B3DD4C0EF9D1}.Debug|Any CPU.ActiveCfg = Debug|Any CPU
		{523E4906-C970-4FBB-9F9D-B3DD4C0EF9D1}.Debug|Any CPU.Build.0 = Debug|Any CPU
		{523E4906-C970-4FBB-9F9D-B3DD4C0EF9D1}.Release|Any CPU.ActiveCfg = Release|Any CPU
		{523E4906-C970-4FBB-9F9D-B3DD4C0EF9D1}.Release|Any CPU.Build.0 = Release|Any CPU
	EndGlobalSection
	GlobalSection(SolutionProperties) = preSolution
		HideSolutionNode = FALSE
	EndGlobalSection
	GlobalSection(ExtensibilityGlobals) = postSolution
		SolutionGuid = {5D05F0CC-6844-45D5-AF00-E26177F3C2A0}
	EndGlobalSection
EndGlobal
