
Microsoft Visual Studio Solution File, Format Version 12.00
# Visual Studio Version 16
VisualStudioVersion = 16.0.30413.136
MinimumVisualStudioVersion = 10.0.40219.1
Project("{9A19103F-16F7-4668-BE54-9A1E7A4F7556}") = "CounterStrike", "01.Exam12Apr2020\CounterStrike-StructureAndBusinessLogic\CounterStrike.csproj", "{EFCF4534-FF4D-4182-A76B-8E7E1F0547E7}"
EndProject
Project("{9A19103F-16F7-4668-BE54-9A1E7A4F7556}") = "Robots", "01.Exam12Apr2020\Unit Tests\Robots\Robots.csproj", "{B4C8CF0D-4788-41C2-9EE6-5897E6B748F5}"
EndProject
Project("{9A19103F-16F7-4668-BE54-9A1E7A4F7556}") = "Robots.Tests", "01.Exam12Apr2020\Unit Tests\Robots.Tests\Robots.Tests.csproj", "{0FA185ED-30B7-41CC-8023-E1CFB9582FEA}"
EndProject
Project("{2150E333-8FDC-42A3-9474-1A3956D46DE8}") = "01.Exam12Apr2020", "01.Exam12Apr2020", "{9E629833-3AE7-4854-9D57-CB886CD18A37}"
EndProject
Project("{2150E333-8FDC-42A3-9474-1A3956D46DE8}") = "StructureAndBusinessLogic", "StructureAndBusinessLogic", "{BC0769D3-9CAD-4C8D-AE7A-8C44BE784D39}"
EndProject
Project("{2150E333-8FDC-42A3-9474-1A3956D46DE8}") = "UnitTests", "UnitTests", "{79E5CF4C-0D58-49F8-87FB-C11FB9BE7216}"
EndProject
Project("{2150E333-8FDC-42A3-9474-1A3956D46DE8}") = "02.Exam16Apr2020", "02.Exam16Apr2020", "{9B8F12BC-D825-41A7-A84B-BC24700DF127}"
EndProject
Project("{2150E333-8FDC-42A3-9474-1A3956D46DE8}") = "StructureAndBusinessLogic", "StructureAndBusinessLogic", "{427746F1-8200-4A55-B524-E5DCB55D4F02}"
EndProject
Project("{2150E333-8FDC-42A3-9474-1A3956D46DE8}") = "UnitTests", "UnitTests", "{B2BC768F-D136-4D9F-836C-786B37C998E8}"
EndProject
Project("{9A19103F-16F7-4668-BE54-9A1E7A4F7556}") = "Computers", "02.Exam16Apr2020\UnitTests\Computers\Computers.csproj", "{D864574C-6A6B-4D0C-87E5-940EBFAC3244}"
EndProject
Project("{9A19103F-16F7-4668-BE54-9A1E7A4F7556}") = "Computers.Tests", "02.Exam16Apr2020\UnitTests\Computers.Tests\Computers.Tests.csproj", "{C8BF26C4-1AF2-4241-A1E5-FAFB6A7E7F16}"
EndProject
Project("{9A19103F-16F7-4668-BE54-9A1E7A4F7556}") = "RobotService", "02.Exam16Apr2020\RobotService-StructureAndBusinessLogic\RobotService.csproj", "{C2B7647F-21FB-4DEC-B749-4787810D1B6A}"
EndProject
Project("{2150E333-8FDC-42A3-9474-1A3956D46DE8}") = "03.Exam22August2020", "03.Exam22August2020", "{B5265519-FABB-424D-8A0A-D427805CB142}"
EndProject
Project("{2150E333-8FDC-42A3-9474-1A3956D46DE8}") = "StructureAndBusinessLogic", "StructureAndBusinessLogic", "{CF3305B9-B92A-4550-BEDB-C94E4DDB3D26}"
EndProject
Project("{2150E333-8FDC-42A3-9474-1A3956D46DE8}") = "UnitTests", "UnitTests", "{D7FEC018-D65A-4768-9B95-D37472D16892}"
EndProject
Project("{9A19103F-16F7-4668-BE54-9A1E7A4F7556}") = "EasterRaces", "03.Exam22August2020\EasterRaces-StructureAndBusinessLogic\EasterRaces.csproj", "{B9E06DC4-9F3F-469C-A683-5D9A2FBC0C69}"
EndProject
Project("{9A19103F-16F7-4668-BE54-9A1E7A4F7556}") = "TheRace", "03.Exam22August2020\Unit Tests\TheRace\TheRace.csproj", "{980FFC70-8810-4AE5-872A-C6F216D036F7}"
EndProject
Project("{9A19103F-16F7-4668-BE54-9A1E7A4F7556}") = "TheRace.Tests", "03.Exam22August2020\Unit Tests\TheRace.Tests\TheRace.Tests.csproj", "{BEFCCB2B-805E-48A5-80D2-119ECD3307A1}"
EndProject
Project("{2150E333-8FDC-42A3-9474-1A3956D46DE8}") = "04.Exam16August2020", "04.Exam16August2020", "{32967DD8-9A55-4AFB-B4B6-93A2FC55DCAC}"
EndProject
Project("{2150E333-8FDC-42A3-9474-1A3956D46DE8}") = "StructureAndBusinessLogic", "StructureAndBusinessLogic", "{0DAFC8FE-557B-4448-828A-2DFB7309DB82}"
EndProject
Project("{2150E333-8FDC-42A3-9474-1A3956D46DE8}") = "UnitTests", "UnitTests", "{8854E8F2-62E2-47F9-9066-6C4AEE12585C}"
EndProject
Global
	GlobalSection(SolutionConfigurationPlatforms) = preSolution
		Debug|Any CPU = Debug|Any CPU
		Release|Any CPU = Release|Any CPU
	EndGlobalSection
	GlobalSection(ProjectConfigurationPlatforms) = postSolution
		{EFCF4534-FF4D-4182-A76B-8E7E1F0547E7}.Debug|Any CPU.ActiveCfg = Debug|Any CPU
		{EFCF4534-FF4D-4182-A76B-8E7E1F0547E7}.Debug|Any CPU.Build.0 = Debug|Any CPU
		{EFCF4534-FF4D-4182-A76B-8E7E1F0547E7}.Release|Any CPU.ActiveCfg = Release|Any CPU
		{EFCF4534-FF4D-4182-A76B-8E7E1F0547E7}.Release|Any CPU.Build.0 = Release|Any CPU
		{B4C8CF0D-4788-41C2-9EE6-5897E6B748F5}.Debug|Any CPU.ActiveCfg = Debug|Any CPU
		{B4C8CF0D-4788-41C2-9EE6-5897E6B748F5}.Debug|Any CPU.Build.0 = Debug|Any CPU
		{B4C8CF0D-4788-41C2-9EE6-5897E6B748F5}.Release|Any CPU.ActiveCfg = Release|Any CPU
		{B4C8CF0D-4788-41C2-9EE6-5897E6B748F5}.Release|Any CPU.Build.0 = Release|Any CPU
		{0FA185ED-30B7-41CC-8023-E1CFB9582FEA}.Debug|Any CPU.ActiveCfg = Debug|Any CPU
		{0FA185ED-30B7-41CC-8023-E1CFB9582FEA}.Debug|Any CPU.Build.0 = Debug|Any CPU
		{0FA185ED-30B7-41CC-8023-E1CFB9582FEA}.Release|Any CPU.ActiveCfg = Release|Any CPU
		{0FA185ED-30B7-41CC-8023-E1CFB9582FEA}.Release|Any CPU.Build.0 = Release|Any CPU
		{D864574C-6A6B-4D0C-87E5-940EBFAC3244}.Debug|Any CPU.ActiveCfg = Debug|Any CPU
		{D864574C-6A6B-4D0C-87E5-940EBFAC3244}.Debug|Any CPU.Build.0 = Debug|Any CPU
		{D864574C-6A6B-4D0C-87E5-940EBFAC3244}.Release|Any CPU.ActiveCfg = Release|Any CPU
		{D864574C-6A6B-4D0C-87E5-940EBFAC3244}.Release|Any CPU.Build.0 = Release|Any CPU
		{C8BF26C4-1AF2-4241-A1E5-FAFB6A7E7F16}.Debug|Any CPU.ActiveCfg = Debug|Any CPU
		{C8BF26C4-1AF2-4241-A1E5-FAFB6A7E7F16}.Debug|Any CPU.Build.0 = Debug|Any CPU
		{C8BF26C4-1AF2-4241-A1E5-FAFB6A7E7F16}.Release|Any CPU.ActiveCfg = Release|Any CPU
		{C8BF26C4-1AF2-4241-A1E5-FAFB6A7E7F16}.Release|Any CPU.Build.0 = Release|Any CPU
		{C2B7647F-21FB-4DEC-B749-4787810D1B6A}.Debug|Any CPU.ActiveCfg = Debug|Any CPU
		{C2B7647F-21FB-4DEC-B749-4787810D1B6A}.Debug|Any CPU.Build.0 = Debug|Any CPU
		{C2B7647F-21FB-4DEC-B749-4787810D1B6A}.Release|Any CPU.ActiveCfg = Release|Any CPU
		{C2B7647F-21FB-4DEC-B749-4787810D1B6A}.Release|Any CPU.Build.0 = Release|Any CPU
		{B9E06DC4-9F3F-469C-A683-5D9A2FBC0C69}.Debug|Any CPU.ActiveCfg = Debug|Any CPU
		{B9E06DC4-9F3F-469C-A683-5D9A2FBC0C69}.Debug|Any CPU.Build.0 = Debug|Any CPU
		{B9E06DC4-9F3F-469C-A683-5D9A2FBC0C69}.Release|Any CPU.ActiveCfg = Release|Any CPU
		{B9E06DC4-9F3F-469C-A683-5D9A2FBC0C69}.Release|Any CPU.Build.0 = Release|Any CPU
		{980FFC70-8810-4AE5-872A-C6F216D036F7}.Debug|Any CPU.ActiveCfg = Debug|Any CPU
		{980FFC70-8810-4AE5-872A-C6F216D036F7}.Debug|Any CPU.Build.0 = Debug|Any CPU
		{980FFC70-8810-4AE5-872A-C6F216D036F7}.Release|Any CPU.ActiveCfg = Release|Any CPU
		{980FFC70-8810-4AE5-872A-C6F216D036F7}.Release|Any CPU.Build.0 = Release|Any CPU
		{BEFCCB2B-805E-48A5-80D2-119ECD3307A1}.Debug|Any CPU.ActiveCfg = Debug|Any CPU
		{BEFCCB2B-805E-48A5-80D2-119ECD3307A1}.Debug|Any CPU.Build.0 = Debug|Any CPU
		{BEFCCB2B-805E-48A5-80D2-119ECD3307A1}.Release|Any CPU.ActiveCfg = Release|Any CPU
		{BEFCCB2B-805E-48A5-80D2-119ECD3307A1}.Release|Any CPU.Build.0 = Release|Any CPU
	EndGlobalSection
	GlobalSection(SolutionProperties) = preSolution
		HideSolutionNode = FALSE
	EndGlobalSection
	GlobalSection(NestedProjects) = preSolution
		{EFCF4534-FF4D-4182-A76B-8E7E1F0547E7} = {BC0769D3-9CAD-4C8D-AE7A-8C44BE784D39}
		{B4C8CF0D-4788-41C2-9EE6-5897E6B748F5} = {79E5CF4C-0D58-49F8-87FB-C11FB9BE7216}
		{0FA185ED-30B7-41CC-8023-E1CFB9582FEA} = {79E5CF4C-0D58-49F8-87FB-C11FB9BE7216}
		{BC0769D3-9CAD-4C8D-AE7A-8C44BE784D39} = {9E629833-3AE7-4854-9D57-CB886CD18A37}
		{79E5CF4C-0D58-49F8-87FB-C11FB9BE7216} = {9E629833-3AE7-4854-9D57-CB886CD18A37}
		{427746F1-8200-4A55-B524-E5DCB55D4F02} = {9B8F12BC-D825-41A7-A84B-BC24700DF127}
		{B2BC768F-D136-4D9F-836C-786B37C998E8} = {9B8F12BC-D825-41A7-A84B-BC24700DF127}
		{D864574C-6A6B-4D0C-87E5-940EBFAC3244} = {B2BC768F-D136-4D9F-836C-786B37C998E8}
		{C8BF26C4-1AF2-4241-A1E5-FAFB6A7E7F16} = {B2BC768F-D136-4D9F-836C-786B37C998E8}
		{C2B7647F-21FB-4DEC-B749-4787810D1B6A} = {427746F1-8200-4A55-B524-E5DCB55D4F02}
		{CF3305B9-B92A-4550-BEDB-C94E4DDB3D26} = {B5265519-FABB-424D-8A0A-D427805CB142}
		{D7FEC018-D65A-4768-9B95-D37472D16892} = {B5265519-FABB-424D-8A0A-D427805CB142}
		{B9E06DC4-9F3F-469C-A683-5D9A2FBC0C69} = {CF3305B9-B92A-4550-BEDB-C94E4DDB3D26}
		{980FFC70-8810-4AE5-872A-C6F216D036F7} = {D7FEC018-D65A-4768-9B95-D37472D16892}
		{BEFCCB2B-805E-48A5-80D2-119ECD3307A1} = {D7FEC018-D65A-4768-9B95-D37472D16892}
		{0DAFC8FE-557B-4448-828A-2DFB7309DB82} = {32967DD8-9A55-4AFB-B4B6-93A2FC55DCAC}
		{8854E8F2-62E2-47F9-9066-6C4AEE12585C} = {32967DD8-9A55-4AFB-B4B6-93A2FC55DCAC}
	EndGlobalSection
	GlobalSection(ExtensibilityGlobals) = postSolution
		SolutionGuid = {6C6FF835-0EB7-4A9F-8B2C-F32201D509A3}
	EndGlobalSection
EndGlobal
