
Microsoft Visual Studio Solution File, Format Version 12.00
# Visual Studio Version 16
VisualStudioVersion = 16.0.31112.23
MinimumVisualStudioVersion = 10.0.40219.1
Project("{FAE04EC0-301F-11D3-BF4B-00C04F79EFBC}") = "01.HttpClientDemo", "01.HttpClientDemo\01.HttpClientDemo.csproj", "{BBD42609-DAAD-4A4E-93F1-9E75E6913B1F}"
EndProject
Global
	GlobalSection(SolutionConfigurationPlatforms) = preSolution
		Debug|Any CPU = Debug|Any CPU
		Release|Any CPU = Release|Any CPU
	EndGlobalSection
	GlobalSection(ProjectConfigurationPlatforms) = postSolution
		{BBD42609-DAAD-4A4E-93F1-9E75E6913B1F}.Debug|Any CPU.ActiveCfg = Debug|Any CPU
		{BBD42609-DAAD-4A4E-93F1-9E75E6913B1F}.Debug|Any CPU.Build.0 = Debug|Any CPU
		{BBD42609-DAAD-4A4E-93F1-9E75E6913B1F}.Release|Any CPU.ActiveCfg = Release|Any CPU
		{BBD42609-DAAD-4A4E-93F1-9E75E6913B1F}.Release|Any CPU.Build.0 = Release|Any CPU
	EndGlobalSection
	GlobalSection(SolutionProperties) = preSolution
		HideSolutionNode = FALSE
	EndGlobalSection
	GlobalSection(ExtensibilityGlobals) = postSolution
		SolutionGuid = {D20A9D98-2725-4974-881E-D86C4EB9DD08}
	EndGlobalSection
EndGlobal
