
Microsoft Visual Studio Solution File, Format Version 12.00
# Visual Studio Version 16
VisualStudioVersion = 16.0.31019.35
MinimumVisualStudioVersion = 10.0.40219.1
Project("{FAE04EC0-301F-11D3-BF4B-00C04F79EFBC}") = "SoftUni", "SoftUni\SoftUni.csproj", "{31B695EA-2D65-4AAB-B7DD-6D931C61526D}"
EndProject
Global
	GlobalSection(SolutionConfigurationPlatforms) = preSolution
		Debug|Any CPU = Debug|Any CPU
		Release|Any CPU = Release|Any CPU
	EndGlobalSection
	GlobalSection(ProjectConfigurationPlatforms) = postSolution
		{31B695EA-2D65-4AAB-B7DD-6D931C61526D}.Debug|Any CPU.ActiveCfg = Debug|Any CPU
		{31B695EA-2D65-4AAB-B7DD-6D931C61526D}.Debug|Any CPU.Build.0 = Debug|Any CPU
		{31B695EA-2D65-4AAB-B7DD-6D931C61526D}.Release|Any CPU.ActiveCfg = Release|Any CPU
		{31B695EA-2D65-4AAB-B7DD-6D931C61526D}.Release|Any CPU.Build.0 = Release|Any CPU
	EndGlobalSection
	GlobalSection(SolutionProperties) = preSolution
		HideSolutionNode = FALSE
	EndGlobalSection
	GlobalSection(ExtensibilityGlobals) = postSolution
		SolutionGuid = {A3595E09-1BD6-47CD-84CA-F3DE558AE33C}
	EndGlobalSection
EndGlobal
