
Microsoft Visual Studio Solution File, Format Version 12.00
# Visual Studio Version 16
VisualStudioVersion = 16.0.30413.136
MinimumVisualStudioVersion = 10.0.40219.1
Project("{9A19103F-16F7-4668-BE54-9A1E7A4F7556}") = "01.FlowerWreaths19August2020", "01.FlowerWreaths19August2020\01.FlowerWreaths19August2020.csproj", "{290901AC-136B-40F5-B1A4-981D1FC2BFFF}"
EndProject
Project("{9A19103F-16F7-4668-BE54-9A1E7A4F7556}") = "02.Bee19August2020", "02.Bee19August2020\02.Bee19August2020.csproj", "{C0FE2ADF-CB8F-4111-970F-D9EF92597E9E}"
EndProject
Project("{9A19103F-16F7-4668-BE54-9A1E7A4F7556}") = "03.VetClinic19August2020", "03.VetClinic19August2020\03.VetClinic19August2020.csproj", "{938C5F70-CA6C-4C46-8F4E-A63E194B4DD3}"
EndProject
Project("{9A19103F-16F7-4668-BE54-9A1E7A4F7556}") = "04.Bombs28June2020", "04.Bombs28June2020\04.Bombs28June2020.csproj", "{5244AACB-78C9-413D-96A8-3055072299CB}"
EndProject
Project("{9A19103F-16F7-4668-BE54-9A1E7A4F7556}") = "05.Snake28June2020", "05.Snake28June2020\05.Snake28June2020.csproj", "{8889635C-3979-4DB0-A2DF-E476D8BABF2F}"
EndProject
Project("{9A19103F-16F7-4668-BE54-9A1E7A4F7556}") = "06.Parking28June2020", "06.Parking28June2020\06.Parking28June2020.csproj", "{805A6CDC-7850-4910-95B8-1CDCF89D6EB5}"
EndProject
Project("{FAE04EC0-301F-11D3-BF4B-00C04F79EFBC}") = "08.ReVolt22Feb2020", "08.ReVolt22Feb2020\08.ReVolt22Feb2020.csproj", "{9FD9F6A4-6F7D-45AA-AB8E-E5C179DA0548}"
EndProject
Project("{FAE04EC0-301F-11D3-BF4B-00C04F79EFBC}") = "07.Lootbox22Feb2020", "07.Lootbox22Feb2020\07.Lootbox22Feb2020.csproj", "{898A4376-B1C1-4533-B283-661C150882F7}"
EndProject
Project("{FAE04EC0-301F-11D3-BF4B-00C04F79EFBC}") = "09.Guild22Feb2020", "09.Guild22Feb2020\09.Guild22Feb2020.csproj", "{F07972A8-8C4D-42C6-AA07-3D1609037AF1}"
EndProject
Global
	GlobalSection(SolutionConfigurationPlatforms) = preSolution
		Debug|Any CPU = Debug|Any CPU
		Release|Any CPU = Release|Any CPU
	EndGlobalSection
	GlobalSection(ProjectConfigurationPlatforms) = postSolution
		{290901AC-136B-40F5-B1A4-981D1FC2BFFF}.Debug|Any CPU.ActiveCfg = Debug|Any CPU
		{290901AC-136B-40F5-B1A4-981D1FC2BFFF}.Debug|Any CPU.Build.0 = Debug|Any CPU
		{290901AC-136B-40F5-B1A4-981D1FC2BFFF}.Release|Any CPU.ActiveCfg = Release|Any CPU
		{290901AC-136B-40F5-B1A4-981D1FC2BFFF}.Release|Any CPU.Build.0 = Release|Any CPU
		{C0FE2ADF-CB8F-4111-970F-D9EF92597E9E}.Debug|Any CPU.ActiveCfg = Debug|Any CPU
		{C0FE2ADF-CB8F-4111-970F-D9EF92597E9E}.Debug|Any CPU.Build.0 = Debug|Any CPU
		{C0FE2ADF-CB8F-4111-970F-D9EF92597E9E}.Release|Any CPU.ActiveCfg = Release|Any CPU
		{C0FE2ADF-CB8F-4111-970F-D9EF92597E9E}.Release|Any CPU.Build.0 = Release|Any CPU
		{938C5F70-CA6C-4C46-8F4E-A63E194B4DD3}.Debug|Any CPU.ActiveCfg = Debug|Any CPU
		{938C5F70-CA6C-4C46-8F4E-A63E194B4DD3}.Debug|Any CPU.Build.0 = Debug|Any CPU
		{938C5F70-CA6C-4C46-8F4E-A63E194B4DD3}.Release|Any CPU.ActiveCfg = Release|Any CPU
		{938C5F70-CA6C-4C46-8F4E-A63E194B4DD3}.Release|Any CPU.Build.0 = Release|Any CPU
		{5244AACB-78C9-413D-96A8-3055072299CB}.Debug|Any CPU.ActiveCfg = Debug|Any CPU
		{5244AACB-78C9-413D-96A8-3055072299CB}.Debug|Any CPU.Build.0 = Debug|Any CPU
		{5244AACB-78C9-413D-96A8-3055072299CB}.Release|Any CPU.ActiveCfg = Release|Any CPU
		{5244AACB-78C9-413D-96A8-3055072299CB}.Release|Any CPU.Build.0 = Release|Any CPU
		{8889635C-3979-4DB0-A2DF-E476D8BABF2F}.Debug|Any CPU.ActiveCfg = Debug|Any CPU
		{8889635C-3979-4DB0-A2DF-E476D8BABF2F}.Debug|Any CPU.Build.0 = Debug|Any CPU
		{8889635C-3979-4DB0-A2DF-E476D8BABF2F}.Release|Any CPU.ActiveCfg = Release|Any CPU
		{8889635C-3979-4DB0-A2DF-E476D8BABF2F}.Release|Any CPU.Build.0 = Release|Any CPU
		{805A6CDC-7850-4910-95B8-1CDCF89D6EB5}.Debug|Any CPU.ActiveCfg = Debug|Any CPU
		{805A6CDC-7850-4910-95B8-1CDCF89D6EB5}.Debug|Any CPU.Build.0 = Debug|Any CPU
		{805A6CDC-7850-4910-95B8-1CDCF89D6EB5}.Release|Any CPU.ActiveCfg = Release|Any CPU
		{805A6CDC-7850-4910-95B8-1CDCF89D6EB5}.Release|Any CPU.Build.0 = Release|Any CPU
		{9FD9F6A4-6F7D-45AA-AB8E-E5C179DA0548}.Debug|Any CPU.ActiveCfg = Debug|Any CPU
		{9FD9F6A4-6F7D-45AA-AB8E-E5C179DA0548}.Debug|Any CPU.Build.0 = Debug|Any CPU
		{9FD9F6A4-6F7D-45AA-AB8E-E5C179DA0548}.Release|Any CPU.ActiveCfg = Release|Any CPU
		{9FD9F6A4-6F7D-45AA-AB8E-E5C179DA0548}.Release|Any CPU.Build.0 = Release|Any CPU
		{898A4376-B1C1-4533-B283-661C150882F7}.Debug|Any CPU.ActiveCfg = Debug|Any CPU
		{898A4376-B1C1-4533-B283-661C150882F7}.Debug|Any CPU.Build.0 = Debug|Any CPU
		{898A4376-B1C1-4533-B283-661C150882F7}.Release|Any CPU.ActiveCfg = Release|Any CPU
		{898A4376-B1C1-4533-B283-661C150882F7}.Release|Any CPU.Build.0 = Release|Any CPU
		{F07972A8-8C4D-42C6-AA07-3D1609037AF1}.Debug|Any CPU.ActiveCfg = Debug|Any CPU
		{F07972A8-8C4D-42C6-AA07-3D1609037AF1}.Debug|Any CPU.Build.0 = Debug|Any CPU
		{F07972A8-8C4D-42C6-AA07-3D1609037AF1}.Release|Any CPU.ActiveCfg = Release|Any CPU
		{F07972A8-8C4D-42C6-AA07-3D1609037AF1}.Release|Any CPU.Build.0 = Release|Any CPU
	EndGlobalSection
	GlobalSection(SolutionProperties) = preSolution
		HideSolutionNode = FALSE
	EndGlobalSection
	GlobalSection(ExtensibilityGlobals) = postSolution
		SolutionGuid = {B5B75F39-882C-4EB7-93D9-AB1CC8E4E000}
	EndGlobalSection
EndGlobal
