
Microsoft Visual Studio Solution File, Format Version 12.00
# Visual Studio Version 16
VisualStudioVersion = 16.0.30413.136
MinimumVisualStudioVersion = 10.0.40219.1
Project("{9A19103F-16F7-4668-BE54-9A1E7A4F7556}") = "02.GenericBoxOfInteger", "02.GenericBoxOfInteger\02.GenericBoxOfInteger.csproj", "{1A9F59DA-30AB-48F3-A6C2-BF0273F2A41E}"
EndProject
Project("{9A19103F-16F7-4668-BE54-9A1E7A4F7556}") = "01.GenericBoxOfString", "01.GenericBoxOfString\01.GenericBoxOfString.csproj", "{06EE7FC7-C658-4ADD-AB03-66C81AA3CEBF}"
EndProject
Project("{9A19103F-16F7-4668-BE54-9A1E7A4F7556}") = "03.GenericSwapMethodStrings", "03.GenericSwapMethodStrings\03.GenericSwapMethodStrings.csproj", "{A760D40A-BEBD-49E7-870C-6EE332922B68}"
EndProject
Project("{9A19103F-16F7-4668-BE54-9A1E7A4F7556}") = "04.GenericSwapMethodIntegers", "04.GenericSwapMethodIntegers\04.GenericSwapMethodIntegers.csproj", "{BF40A381-903A-4B00-AF9A-4387EA3C4754}"
EndProject
Project("{FAE04EC0-301F-11D3-BF4B-00C04F79EFBC}") = "06.GenericCountMethodDoubles", "06.GenericCountMethodDoubles\06.GenericCountMethodDoubles.csproj", "{36F98BF6-5A45-48E5-8407-160440DC375F}"
EndProject
Project("{FAE04EC0-301F-11D3-BF4B-00C04F79EFBC}") = "05.GenericCountMethodStrings", "05.GenericCountMethodStrings\05.GenericCountMethodStrings.csproj", "{99B009CA-D9FB-4C66-8DB0-E55CDB43F2B2}"
EndProject
Project("{FAE04EC0-301F-11D3-BF4B-00C04F79EFBC}") = "07.Tuple", "07.Tuple\07.Tuple.csproj", "{C912C27C-D596-4FF2-B6A7-CD094549972B}"
EndProject
Global
	GlobalSection(SolutionConfigurationPlatforms) = preSolution
		Debug|Any CPU = Debug|Any CPU
		Release|Any CPU = Release|Any CPU
	EndGlobalSection
	GlobalSection(ProjectConfigurationPlatforms) = postSolution
		{1A9F59DA-30AB-48F3-A6C2-BF0273F2A41E}.Debug|Any CPU.ActiveCfg = Debug|Any CPU
		{1A9F59DA-30AB-48F3-A6C2-BF0273F2A41E}.Debug|Any CPU.Build.0 = Debug|Any CPU
		{1A9F59DA-30AB-48F3-A6C2-BF0273F2A41E}.Release|Any CPU.ActiveCfg = Release|Any CPU
		{1A9F59DA-30AB-48F3-A6C2-BF0273F2A41E}.Release|Any CPU.Build.0 = Release|Any CPU
		{06EE7FC7-C658-4ADD-AB03-66C81AA3CEBF}.Debug|Any CPU.ActiveCfg = Debug|Any CPU
		{06EE7FC7-C658-4ADD-AB03-66C81AA3CEBF}.Debug|Any CPU.Build.0 = Debug|Any CPU
		{06EE7FC7-C658-4ADD-AB03-66C81AA3CEBF}.Release|Any CPU.ActiveCfg = Release|Any CPU
		{06EE7FC7-C658-4ADD-AB03-66C81AA3CEBF}.Release|Any CPU.Build.0 = Release|Any CPU
		{A760D40A-BEBD-49E7-870C-6EE332922B68}.Debug|Any CPU.ActiveCfg = Debug|Any CPU
		{A760D40A-BEBD-49E7-870C-6EE332922B68}.Debug|Any CPU.Build.0 = Debug|Any CPU
		{A760D40A-BEBD-49E7-870C-6EE332922B68}.Release|Any CPU.ActiveCfg = Release|Any CPU
		{A760D40A-BEBD-49E7-870C-6EE332922B68}.Release|Any CPU.Build.0 = Release|Any CPU
		{BF40A381-903A-4B00-AF9A-4387EA3C4754}.Debug|Any CPU.ActiveCfg = Debug|Any CPU
		{BF40A381-903A-4B00-AF9A-4387EA3C4754}.Debug|Any CPU.Build.0 = Debug|Any CPU
		{BF40A381-903A-4B00-AF9A-4387EA3C4754}.Release|Any CPU.ActiveCfg = Release|Any CPU
		{BF40A381-903A-4B00-AF9A-4387EA3C4754}.Release|Any CPU.Build.0 = Release|Any CPU
		{36F98BF6-5A45-48E5-8407-160440DC375F}.Debug|Any CPU.ActiveCfg = Debug|Any CPU
		{36F98BF6-5A45-48E5-8407-160440DC375F}.Debug|Any CPU.Build.0 = Debug|Any CPU
		{36F98BF6-5A45-48E5-8407-160440DC375F}.Release|Any CPU.ActiveCfg = Release|Any CPU
		{36F98BF6-5A45-48E5-8407-160440DC375F}.Release|Any CPU.Build.0 = Release|Any CPU
		{99B009CA-D9FB-4C66-8DB0-E55CDB43F2B2}.Debug|Any CPU.ActiveCfg = Debug|Any CPU
		{99B009CA-D9FB-4C66-8DB0-E55CDB43F2B2}.Debug|Any CPU.Build.0 = Debug|Any CPU
		{99B009CA-D9FB-4C66-8DB0-E55CDB43F2B2}.Release|Any CPU.ActiveCfg = Release|Any CPU
		{99B009CA-D9FB-4C66-8DB0-E55CDB43F2B2}.Release|Any CPU.Build.0 = Release|Any CPU
		{C912C27C-D596-4FF2-B6A7-CD094549972B}.Debug|Any CPU.ActiveCfg = Debug|Any CPU
		{C912C27C-D596-4FF2-B6A7-CD094549972B}.Debug|Any CPU.Build.0 = Debug|Any CPU
		{C912C27C-D596-4FF2-B6A7-CD094549972B}.Release|Any CPU.ActiveCfg = Release|Any CPU
		{C912C27C-D596-4FF2-B6A7-CD094549972B}.Release|Any CPU.Build.0 = Release|Any CPU
	EndGlobalSection
	GlobalSection(SolutionProperties) = preSolution
		HideSolutionNode = FALSE
	EndGlobalSection
	GlobalSection(ExtensibilityGlobals) = postSolution
		SolutionGuid = {EBBBA819-0E89-46B6-AC7F-9B01B1FC1816}
	EndGlobalSection
EndGlobal
