
Microsoft Visual Studio Solution File, Format Version 12.00
# Visual Studio Version 16
VisualStudioVersion = 16.0.30413.136
MinimumVisualStudioVersion = 10.0.40219.1
Project("{9A19103F-16F7-4668-BE54-9A1E7A4F7556}") = "01.SingleInheritance", "01.SingleInheritance\01.SingleInheritance.csproj", "{B3917454-5637-4B4C-A2F0-02CF1206A304}"
EndProject
Project("{9A19103F-16F7-4668-BE54-9A1E7A4F7556}") = "02.MultipleInheritance", "02.MultipleInheritance\02.MultipleInheritance.csproj", "{E58E94FC-56A6-47D5-B802-F51452F53119}"
EndProject
Project("{9A19103F-16F7-4668-BE54-9A1E7A4F7556}") = "03.HierarchicalInheritance", "03.HierarchicalInheritance\03.HierarchicalInheritance.csproj", "{0D13DEF5-3D92-4C23-B3E6-75C2252507A2}"
EndProject
Project("{FAE04EC0-301F-11D3-BF4B-00C04F79EFBC}") = "CustomRandomList", "04.RandomList\CustomRandomList.csproj", "{2033C3FC-D253-4218-8061-25F357A3CDF1}"
EndProject
Project("{FAE04EC0-301F-11D3-BF4B-00C04F79EFBC}") = "CustomStack", "05.StackOfStrings\CustomStack.csproj", "{7156B0A6-4A4A-40E2-A509-1A20CB037A7F}"
EndProject
Global
	GlobalSection(SolutionConfigurationPlatforms) = preSolution
		Debug|Any CPU = Debug|Any CPU
		Release|Any CPU = Release|Any CPU
	EndGlobalSection
	GlobalSection(ProjectConfigurationPlatforms) = postSolution
		{B3917454-5637-4B4C-A2F0-02CF1206A304}.Debug|Any CPU.ActiveCfg = Debug|Any CPU
		{B3917454-5637-4B4C-A2F0-02CF1206A304}.Debug|Any CPU.Build.0 = Debug|Any CPU
		{B3917454-5637-4B4C-A2F0-02CF1206A304}.Release|Any CPU.ActiveCfg = Release|Any CPU
		{B3917454-5637-4B4C-A2F0-02CF1206A304}.Release|Any CPU.Build.0 = Release|Any CPU
		{E58E94FC-56A6-47D5-B802-F51452F53119}.Debug|Any CPU.ActiveCfg = Debug|Any CPU
		{E58E94FC-56A6-47D5-B802-F51452F53119}.Debug|Any CPU.Build.0 = Debug|Any CPU
		{E58E94FC-56A6-47D5-B802-F51452F53119}.Release|Any CPU.ActiveCfg = Release|Any CPU
		{E58E94FC-56A6-47D5-B802-F51452F53119}.Release|Any CPU.Build.0 = Release|Any CPU
		{0D13DEF5-3D92-4C23-B3E6-75C2252507A2}.Debug|Any CPU.ActiveCfg = Debug|Any CPU
		{0D13DEF5-3D92-4C23-B3E6-75C2252507A2}.Debug|Any CPU.Build.0 = Debug|Any CPU
		{0D13DEF5-3D92-4C23-B3E6-75C2252507A2}.Release|Any CPU.ActiveCfg = Release|Any CPU
		{0D13DEF5-3D92-4C23-B3E6-75C2252507A2}.Release|Any CPU.Build.0 = Release|Any CPU
		{2033C3FC-D253-4218-8061-25F357A3CDF1}.Debug|Any CPU.ActiveCfg = Debug|Any CPU
		{2033C3FC-D253-4218-8061-25F357A3CDF1}.Debug|Any CPU.Build.0 = Debug|Any CPU
		{2033C3FC-D253-4218-8061-25F357A3CDF1}.Release|Any CPU.ActiveCfg = Release|Any CPU
		{2033C3FC-D253-4218-8061-25F357A3CDF1}.Release|Any CPU.Build.0 = Release|Any CPU
		{7156B0A6-4A4A-40E2-A509-1A20CB037A7F}.Debug|Any CPU.ActiveCfg = Debug|Any CPU
		{7156B0A6-4A4A-40E2-A509-1A20CB037A7F}.Debug|Any CPU.Build.0 = Debug|Any CPU
		{7156B0A6-4A4A-40E2-A509-1A20CB037A7F}.Release|Any CPU.ActiveCfg = Release|Any CPU
		{7156B0A6-4A4A-40E2-A509-1A20CB037A7F}.Release|Any CPU.Build.0 = Release|Any CPU
	EndGlobalSection
	GlobalSection(SolutionProperties) = preSolution
		HideSolutionNode = FALSE
	EndGlobalSection
	GlobalSection(ExtensibilityGlobals) = postSolution
		SolutionGuid = {4BEE4EC8-ED34-4862-89B3-B18D0AE31C78}
	EndGlobalSection
EndGlobal
