
Microsoft Visual Studio Solution File, Format Version 12.00
# Visual Studio Version 16
VisualStudioVersion = 16.0.30413.136
MinimumVisualStudioVersion = 10.0.40219.1
Project("{FAE04EC0-301F-11D3-BF4B-00C04F79EFBC}") = "01.BasicStackOperations", "1.BasicStackOperations\01.BasicStackOperations.csproj", "{C603EC8C-385B-48EB-9F32-00973B612B94}"
EndProject
Project("{FAE04EC0-301F-11D3-BF4B-00C04F79EFBC}") = "02.BasicQueueOperations", "2.BasicQueueOperations\02.BasicQueueOperations.csproj", "{45ADD4F8-3A1A-40ED-8205-6B8B56CA1887}"
EndProject
Project("{FAE04EC0-301F-11D3-BF4B-00C04F79EFBC}") = "03.MaximumAndMinimumElement", "3.MaximumAndMinimumElement\03.MaximumAndMinimumElement.csproj", "{698B9ADC-C17C-4227-B378-02813F7CE08B}"
EndProject
Project("{FAE04EC0-301F-11D3-BF4B-00C04F79EFBC}") = "04.FastFood", "4.FastFood\04.FastFood.csproj", "{179AF45B-30D8-4299-B7CA-55FFA1436629}"
EndProject
Project("{9A19103F-16F7-4668-BE54-9A1E7A4F7556}") = "05.FashionBoutique", "05.FashionBoutique\05.FashionBoutique.csproj", "{2CD766F8-8254-42E6-AEF2-D92115E2FB91}"
EndProject
Project("{9A19103F-16F7-4668-BE54-9A1E7A4F7556}") = "06.SongsQueue", "06.SongsQueue\06.SongsQueue.csproj", "{657C51C3-0A8E-45C2-BB45-7C15B2D78F9A}"
EndProject
Project("{9A19103F-16F7-4668-BE54-9A1E7A4F7556}") = "07.TruckTour", "07.TruckTour\07.TruckTour.csproj", "{9E8E0345-6C46-4343-A4D2-25CC940515AC}"
EndProject
Project("{9A19103F-16F7-4668-BE54-9A1E7A4F7556}") = "08.BalancedParenthesisNotWorking", "08.BalancedParenthesis\08.BalancedParenthesisNotWorking.csproj", "{105F9B5F-051E-4368-8229-4EAC6F2CBF12}"
EndProject
Project("{FAE04EC0-301F-11D3-BF4B-00C04F79EFBC}") = "08.BalancedParenthesisOnlyWithQueueWorkingCode", "08.BalancedParenthesisOnlyWithQueue\08.BalancedParenthesisOnlyWithQueueWorkingCode.csproj", "{5AB91F80-4CFE-4C14-8597-A1A4897115BF}"
EndProject
Global
	GlobalSection(SolutionConfigurationPlatforms) = preSolution
		Debug|Any CPU = Debug|Any CPU
		Release|Any CPU = Release|Any CPU
	EndGlobalSection
	GlobalSection(ProjectConfigurationPlatforms) = postSolution
		{C603EC8C-385B-48EB-9F32-00973B612B94}.Debug|Any CPU.ActiveCfg = Debug|Any CPU
		{C603EC8C-385B-48EB-9F32-00973B612B94}.Debug|Any CPU.Build.0 = Debug|Any CPU
		{C603EC8C-385B-48EB-9F32-00973B612B94}.Release|Any CPU.ActiveCfg = Release|Any CPU
		{C603EC8C-385B-48EB-9F32-00973B612B94}.Release|Any CPU.Build.0 = Release|Any CPU
		{45ADD4F8-3A1A-40ED-8205-6B8B56CA1887}.Debug|Any CPU.ActiveCfg = Debug|Any CPU
		{45ADD4F8-3A1A-40ED-8205-6B8B56CA1887}.Debug|Any CPU.Build.0 = Debug|Any CPU
		{45ADD4F8-3A1A-40ED-8205-6B8B56CA1887}.Release|Any CPU.ActiveCfg = Release|Any CPU
		{45ADD4F8-3A1A-40ED-8205-6B8B56CA1887}.Release|Any CPU.Build.0 = Release|Any CPU
		{698B9ADC-C17C-4227-B378-02813F7CE08B}.Debug|Any CPU.ActiveCfg = Debug|Any CPU
		{698B9ADC-C17C-4227-B378-02813F7CE08B}.Debug|Any CPU.Build.0 = Debug|Any CPU
		{698B9ADC-C17C-4227-B378-02813F7CE08B}.Release|Any CPU.ActiveCfg = Release|Any CPU
		{698B9ADC-C17C-4227-B378-02813F7CE08B}.Release|Any CPU.Build.0 = Release|Any CPU
		{179AF45B-30D8-4299-B7CA-55FFA1436629}.Debug|Any CPU.ActiveCfg = Debug|Any CPU
		{179AF45B-30D8-4299-B7CA-55FFA1436629}.Debug|Any CPU.Build.0 = Debug|Any CPU
		{179AF45B-30D8-4299-B7CA-55FFA1436629}.Release|Any CPU.ActiveCfg = Release|Any CPU
		{179AF45B-30D8-4299-B7CA-55FFA1436629}.Release|Any CPU.Build.0 = Release|Any CPU
		{2CD766F8-8254-42E6-AEF2-D92115E2FB91}.Debug|Any CPU.ActiveCfg = Debug|Any CPU
		{2CD766F8-8254-42E6-AEF2-D92115E2FB91}.Debug|Any CPU.Build.0 = Debug|Any CPU
		{2CD766F8-8254-42E6-AEF2-D92115E2FB91}.Release|Any CPU.ActiveCfg = Release|Any CPU
		{2CD766F8-8254-42E6-AEF2-D92115E2FB91}.Release|Any CPU.Build.0 = Release|Any CPU
		{657C51C3-0A8E-45C2-BB45-7C15B2D78F9A}.Debug|Any CPU.ActiveCfg = Debug|Any CPU
		{657C51C3-0A8E-45C2-BB45-7C15B2D78F9A}.Debug|Any CPU.Build.0 = Debug|Any CPU
		{657C51C3-0A8E-45C2-BB45-7C15B2D78F9A}.Release|Any CPU.ActiveCfg = Release|Any CPU
		{657C51C3-0A8E-45C2-BB45-7C15B2D78F9A}.Release|Any CPU.Build.0 = Release|Any CPU
		{9E8E0345-6C46-4343-A4D2-25CC940515AC}.Debug|Any CPU.ActiveCfg = Debug|Any CPU
		{9E8E0345-6C46-4343-A4D2-25CC940515AC}.Debug|Any CPU.Build.0 = Debug|Any CPU
		{9E8E0345-6C46-4343-A4D2-25CC940515AC}.Release|Any CPU.ActiveCfg = Release|Any CPU
		{9E8E0345-6C46-4343-A4D2-25CC940515AC}.Release|Any CPU.Build.0 = Release|Any CPU
		{105F9B5F-051E-4368-8229-4EAC6F2CBF12}.Debug|Any CPU.ActiveCfg = Debug|Any CPU
		{105F9B5F-051E-4368-8229-4EAC6F2CBF12}.Debug|Any CPU.Build.0 = Debug|Any CPU
		{105F9B5F-051E-4368-8229-4EAC6F2CBF12}.Release|Any CPU.ActiveCfg = Release|Any CPU
		{105F9B5F-051E-4368-8229-4EAC6F2CBF12}.Release|Any CPU.Build.0 = Release|Any CPU
		{5AB91F80-4CFE-4C14-8597-A1A4897115BF}.Debug|Any CPU.ActiveCfg = Debug|Any CPU
		{5AB91F80-4CFE-4C14-8597-A1A4897115BF}.Debug|Any CPU.Build.0 = Debug|Any CPU
		{5AB91F80-4CFE-4C14-8597-A1A4897115BF}.Release|Any CPU.ActiveCfg = Release|Any CPU
		{5AB91F80-4CFE-4C14-8597-A1A4897115BF}.Release|Any CPU.Build.0 = Release|Any CPU
	EndGlobalSection
	GlobalSection(SolutionProperties) = preSolution
		HideSolutionNode = FALSE
	EndGlobalSection
	GlobalSection(ExtensibilityGlobals) = postSolution
		SolutionGuid = {1A651DC3-42F4-41EC-A0FE-B3497B66FF18}
	EndGlobalSection
EndGlobal
