
Microsoft Visual Studio Solution File, Format Version 12.00
# Visual Studio Version 16
VisualStudioVersion = 16.0.30002.166
MinimumVisualStudioVersion = 10.0.40219.1
Project("{9A19103F-16F7-4668-BE54-9A1E7A4F7556}") = "1.Clock", "NestedLoops\1.Clock.csproj", "{5E6B0EDE-2416-48EE-85EF-95856212420F}"
EndProject
Project("{9A19103F-16F7-4668-BE54-9A1E7A4F7556}") = "2. Multiplication Table", "2. Multiplication Table\2. Multiplication Table.csproj", "{836A3E6A-910A-44BA-B81B-82733210F76E}"
EndProject
Project("{9A19103F-16F7-4668-BE54-9A1E7A4F7556}") = "3. Combinations", "3. Combinations\3. Combinations.csproj", "{06752540-8887-4C00-8882-0D4F20C48DDE}"
EndProject
Project("{9A19103F-16F7-4668-BE54-9A1E7A4F7556}") = "4. Sum of Two Numbers", "4. Sum of Two Numbers\4. Sum of Two Numbers.csproj", "{FA328E8D-46B5-448B-8A1D-DB411E7552BB}"
EndProject
Project("{9A19103F-16F7-4668-BE54-9A1E7A4F7556}") = "5. Travelling", "5. Travelling\5. Travelling.csproj", "{08AA0278-7E8A-47C7-BADA-856D085488EC}"
EndProject
Project("{FAE04EC0-301F-11D3-BF4B-00C04F79EFBC}") = "6. Building", "6. Building\6. Building.csproj", "{9FBF4B7B-955B-4277-A3E1-FE3370590F92}"
EndProject
Project("{FAE04EC0-301F-11D3-BF4B-00C04F79EFBC}") = "7. Cinema Tickets", "7. Cinema Tickets\7. Cinema Tickets.csproj", "{35404EDE-EC25-4A10-8D6A-287B47C22417}"
EndProject
Global
	GlobalSection(SolutionConfigurationPlatforms) = preSolution
		Debug|Any CPU = Debug|Any CPU
		Release|Any CPU = Release|Any CPU
	EndGlobalSection
	GlobalSection(ProjectConfigurationPlatforms) = postSolution
		{5E6B0EDE-2416-48EE-85EF-95856212420F}.Debug|Any CPU.ActiveCfg = Debug|Any CPU
		{5E6B0EDE-2416-48EE-85EF-95856212420F}.Debug|Any CPU.Build.0 = Debug|Any CPU
		{5E6B0EDE-2416-48EE-85EF-95856212420F}.Release|Any CPU.ActiveCfg = Release|Any CPU
		{5E6B0EDE-2416-48EE-85EF-95856212420F}.Release|Any CPU.Build.0 = Release|Any CPU
		{836A3E6A-910A-44BA-B81B-82733210F76E}.Debug|Any CPU.ActiveCfg = Debug|Any CPU
		{836A3E6A-910A-44BA-B81B-82733210F76E}.Debug|Any CPU.Build.0 = Debug|Any CPU
		{836A3E6A-910A-44BA-B81B-82733210F76E}.Release|Any CPU.ActiveCfg = Release|Any CPU
		{836A3E6A-910A-44BA-B81B-82733210F76E}.Release|Any CPU.Build.0 = Release|Any CPU
		{06752540-8887-4C00-8882-0D4F20C48DDE}.Debug|Any CPU.ActiveCfg = Debug|Any CPU
		{06752540-8887-4C00-8882-0D4F20C48DDE}.Debug|Any CPU.Build.0 = Debug|Any CPU
		{06752540-8887-4C00-8882-0D4F20C48DDE}.Release|Any CPU.ActiveCfg = Release|Any CPU
		{06752540-8887-4C00-8882-0D4F20C48DDE}.Release|Any CPU.Build.0 = Release|Any CPU
		{FA328E8D-46B5-448B-8A1D-DB411E7552BB}.Debug|Any CPU.ActiveCfg = Debug|Any CPU
		{FA328E8D-46B5-448B-8A1D-DB411E7552BB}.Debug|Any CPU.Build.0 = Debug|Any CPU
		{FA328E8D-46B5-448B-8A1D-DB411E7552BB}.Release|Any CPU.ActiveCfg = Release|Any CPU
		{FA328E8D-46B5-448B-8A1D-DB411E7552BB}.Release|Any CPU.Build.0 = Release|Any CPU
		{08AA0278-7E8A-47C7-BADA-856D085488EC}.Debug|Any CPU.ActiveCfg = Debug|Any CPU
		{08AA0278-7E8A-47C7-BADA-856D085488EC}.Debug|Any CPU.Build.0 = Debug|Any CPU
		{08AA0278-7E8A-47C7-BADA-856D085488EC}.Release|Any CPU.ActiveCfg = Release|Any CPU
		{08AA0278-7E8A-47C7-BADA-856D085488EC}.Release|Any CPU.Build.0 = Release|Any CPU
		{9FBF4B7B-955B-4277-A3E1-FE3370590F92}.Debug|Any CPU.ActiveCfg = Debug|Any CPU
		{9FBF4B7B-955B-4277-A3E1-FE3370590F92}.Debug|Any CPU.Build.0 = Debug|Any CPU
		{9FBF4B7B-955B-4277-A3E1-FE3370590F92}.Release|Any CPU.ActiveCfg = Release|Any CPU
		{9FBF4B7B-955B-4277-A3E1-FE3370590F92}.Release|Any CPU.Build.0 = Release|Any CPU
		{35404EDE-EC25-4A10-8D6A-287B47C22417}.Debug|Any CPU.ActiveCfg = Debug|Any CPU
		{35404EDE-EC25-4A10-8D6A-287B47C22417}.Debug|Any CPU.Build.0 = Debug|Any CPU
		{35404EDE-EC25-4A10-8D6A-287B47C22417}.Release|Any CPU.ActiveCfg = Release|Any CPU
		{35404EDE-EC25-4A10-8D6A-287B47C22417}.Release|Any CPU.Build.0 = Release|Any CPU
	EndGlobalSection
	GlobalSection(SolutionProperties) = preSolution
		HideSolutionNode = FALSE
	EndGlobalSection
	GlobalSection(ExtensibilityGlobals) = postSolution
		SolutionGuid = {5E3B0BCE-A887-462F-AA57-0DDE6145DD05}
	EndGlobalSection
EndGlobal
