
Microsoft Visual Studio Solution File, Format Version 12.00
# Visual Studio Version 16
VisualStudioVersion = 16.0.30413.136
MinimumVisualStudioVersion = 10.0.40219.1
Project("{9A19103F-16F7-4668-BE54-9A1E7A4F7556}") = "02.MultiImplementation", "02.MultipleImplementation\02.MultiImplementation.csproj", "{0789543E-A397-4ED4-8E1F-C8C60B404FC4}"
EndProject
Project("{9A19103F-16F7-4668-BE54-9A1E7A4F7556}") = "01.DefineAnInterfaceIPerson", "01.DefineAnInterfaceIPerson\01.DefineAnInterfaceIPerson.csproj", "{8DE35535-620B-4BDE-8246-E1ACD0FE3B55}"
EndProject
Project("{9A19103F-16F7-4668-BE54-9A1E7A4F7556}") = "03.Telephony", "03.Telephony\03.Telephony.csproj", "{32B17E06-8A1E-4A8D-A218-DAF743AC5760}"
EndProject
Project("{9A19103F-16F7-4668-BE54-9A1E7A4F7556}") = "04.BorderControl", "04.BorderControl\04.BorderControl.csproj", "{EC7CE134-7C32-4233-8680-28F12AEDB78A}"
EndProject
Project("{9A19103F-16F7-4668-BE54-9A1E7A4F7556}") = "05.BirthdayCelebrations", "05.BirthdayCelebrations\05.BirthdayCelebrations.csproj", "{650B99E2-6FB8-4A2E-B29D-B26C89E1A573}"
EndProject
Project("{FAE04EC0-301F-11D3-BF4B-00C04F79EFBC}") = "06.FoodShortage", "06.FoodShortage\06.FoodShortage.csproj", "{B60D2671-24BF-4A4E-B5E1-392B2D6FECB7}"
EndProject
Global
	GlobalSection(SolutionConfigurationPlatforms) = preSolution
		Debug|Any CPU = Debug|Any CPU
		Release|Any CPU = Release|Any CPU
	EndGlobalSection
	GlobalSection(ProjectConfigurationPlatforms) = postSolution
		{0789543E-A397-4ED4-8E1F-C8C60B404FC4}.Debug|Any CPU.ActiveCfg = Debug|Any CPU
		{0789543E-A397-4ED4-8E1F-C8C60B404FC4}.Debug|Any CPU.Build.0 = Debug|Any CPU
		{0789543E-A397-4ED4-8E1F-C8C60B404FC4}.Release|Any CPU.ActiveCfg = Release|Any CPU
		{0789543E-A397-4ED4-8E1F-C8C60B404FC4}.Release|Any CPU.Build.0 = Release|Any CPU
		{8DE35535-620B-4BDE-8246-E1ACD0FE3B55}.Debug|Any CPU.ActiveCfg = Debug|Any CPU
		{8DE35535-620B-4BDE-8246-E1ACD0FE3B55}.Debug|Any CPU.Build.0 = Debug|Any CPU
		{8DE35535-620B-4BDE-8246-E1ACD0FE3B55}.Release|Any CPU.ActiveCfg = Release|Any CPU
		{8DE35535-620B-4BDE-8246-E1ACD0FE3B55}.Release|Any CPU.Build.0 = Release|Any CPU
		{32B17E06-8A1E-4A8D-A218-DAF743AC5760}.Debug|Any CPU.ActiveCfg = Debug|Any CPU
		{32B17E06-8A1E-4A8D-A218-DAF743AC5760}.Debug|Any CPU.Build.0 = Debug|Any CPU
		{32B17E06-8A1E-4A8D-A218-DAF743AC5760}.Release|Any CPU.ActiveCfg = Release|Any CPU
		{32B17E06-8A1E-4A8D-A218-DAF743AC5760}.Release|Any CPU.Build.0 = Release|Any CPU
		{EC7CE134-7C32-4233-8680-28F12AEDB78A}.Debug|Any CPU.ActiveCfg = Debug|Any CPU
		{EC7CE134-7C32-4233-8680-28F12AEDB78A}.Debug|Any CPU.Build.0 = Debug|Any CPU
		{EC7CE134-7C32-4233-8680-28F12AEDB78A}.Release|Any CPU.ActiveCfg = Release|Any CPU
		{EC7CE134-7C32-4233-8680-28F12AEDB78A}.Release|Any CPU.Build.0 = Release|Any CPU
		{650B99E2-6FB8-4A2E-B29D-B26C89E1A573}.Debug|Any CPU.ActiveCfg = Debug|Any CPU
		{650B99E2-6FB8-4A2E-B29D-B26C89E1A573}.Debug|Any CPU.Build.0 = Debug|Any CPU
		{650B99E2-6FB8-4A2E-B29D-B26C89E1A573}.Release|Any CPU.ActiveCfg = Release|Any CPU
		{650B99E2-6FB8-4A2E-B29D-B26C89E1A573}.Release|Any CPU.Build.0 = Release|Any CPU
		{B60D2671-24BF-4A4E-B5E1-392B2D6FECB7}.Debug|Any CPU.ActiveCfg = Debug|Any CPU
		{B60D2671-24BF-4A4E-B5E1-392B2D6FECB7}.Debug|Any CPU.Build.0 = Debug|Any CPU
		{B60D2671-24BF-4A4E-B5E1-392B2D6FECB7}.Release|Any CPU.ActiveCfg = Release|Any CPU
		{B60D2671-24BF-4A4E-B5E1-392B2D6FECB7}.Release|Any CPU.Build.0 = Release|Any CPU
	EndGlobalSection
	GlobalSection(SolutionProperties) = preSolution
		HideSolutionNode = FALSE
	EndGlobalSection
	GlobalSection(ExtensibilityGlobals) = postSolution
		SolutionGuid = {581DF729-42B2-422F-9FC4-397D6C4195A6}
	EndGlobalSection
EndGlobal
