
Microsoft Visual Studio Solution File, Format Version 12.00
# Visual Studio Version 16
VisualStudioVersion = 16.0.30413.136
MinimumVisualStudioVersion = 10.0.40219.1
Project("{FAE04EC0-301F-11D3-BF4B-00C04F79EFBC}") = "01.EvenLines", "01.EvenLines\01.EvenLines.csproj", "{B5004D88-20FD-4752-8AEF-88AA6F372611}"
EndProject
Project("{FAE04EC0-301F-11D3-BF4B-00C04F79EFBC}") = "02.LineNumbers", "02.LineNumbers\02.LineNumbers.csproj", "{980543B4-97B8-4B7F-9EDE-1C1184585C4D}"
EndProject
Project("{FAE04EC0-301F-11D3-BF4B-00C04F79EFBC}") = "03.WordCount", "03.WordCount\03.WordCount.csproj", "{6057FB81-762E-437C-BF30-271E2171956A}"
EndProject
Global
	GlobalSection(SolutionConfigurationPlatforms) = preSolution
		Debug|Any CPU = Debug|Any CPU
		Release|Any CPU = Release|Any CPU
	EndGlobalSection
	GlobalSection(ProjectConfigurationPlatforms) = postSolution
		{B5004D88-20FD-4752-8AEF-88AA6F372611}.Debug|Any CPU.ActiveCfg = Debug|Any CPU
		{B5004D88-20FD-4752-8AEF-88AA6F372611}.Debug|Any CPU.Build.0 = Debug|Any CPU
		{B5004D88-20FD-4752-8AEF-88AA6F372611}.Release|Any CPU.ActiveCfg = Release|Any CPU
		{B5004D88-20FD-4752-8AEF-88AA6F372611}.Release|Any CPU.Build.0 = Release|Any CPU
		{980543B4-97B8-4B7F-9EDE-1C1184585C4D}.Debug|Any CPU.ActiveCfg = Debug|Any CPU
		{980543B4-97B8-4B7F-9EDE-1C1184585C4D}.Debug|Any CPU.Build.0 = Debug|Any CPU
		{980543B4-97B8-4B7F-9EDE-1C1184585C4D}.Release|Any CPU.ActiveCfg = Release|Any CPU
		{980543B4-97B8-4B7F-9EDE-1C1184585C4D}.Release|Any CPU.Build.0 = Release|Any CPU
		{6057FB81-762E-437C-BF30-271E2171956A}.Debug|Any CPU.ActiveCfg = Debug|Any CPU
		{6057FB81-762E-437C-BF30-271E2171956A}.Debug|Any CPU.Build.0 = Debug|Any CPU
		{6057FB81-762E-437C-BF30-271E2171956A}.Release|Any CPU.ActiveCfg = Release|Any CPU
		{6057FB81-762E-437C-BF30-271E2171956A}.Release|Any CPU.Build.0 = Release|Any CPU
	EndGlobalSection
	GlobalSection(SolutionProperties) = preSolution
		HideSolutionNode = FALSE
	EndGlobalSection
	GlobalSection(ExtensibilityGlobals) = postSolution
		SolutionGuid = {D749FF5E-DFED-44B6-BCEF-B947D6A1888D}
	EndGlobalSection
EndGlobal
