
Microsoft Visual Studio Solution File, Format Version 12.00
# Visual Studio Version 16
VisualStudioVersion = 16.0.31112.23
MinimumVisualStudioVersion = 10.0.40219.1
Project("{9A19103F-16F7-4668-BE54-9A1E7A4F7556}") = "MyWebServer", "MyWebServer\MyWebServer.csproj", "{3FB7138B-628A-46AF-826F-4520207E73E6}"
EndProject
Project("{9A19103F-16F7-4668-BE54-9A1E7A4F7556}") = "Git", "Git\Git.csproj", "{8139AD19-0AA1-4AEF-AA0E-B2F03F5E2031}"
EndProject
Global
	GlobalSection(SolutionConfigurationPlatforms) = preSolution
		Debug|Any CPU = Debug|Any CPU
		Release|Any CPU = Release|Any CPU
	EndGlobalSection
	GlobalSection(ProjectConfigurationPlatforms) = postSolution
		{3FB7138B-628A-46AF-826F-4520207E73E6}.Debug|Any CPU.ActiveCfg = Debug|Any CPU
		{3FB7138B-628A-46AF-826F-4520207E73E6}.Debug|Any CPU.Build.0 = Debug|Any CPU
		{3FB7138B-628A-46AF-826F-4520207E73E6}.Release|Any CPU.ActiveCfg = Release|Any CPU
		{3FB7138B-628A-46AF-826F-4520207E73E6}.Release|Any CPU.Build.0 = Release|Any CPU
		{8139AD19-0AA1-4AEF-AA0E-B2F03F5E2031}.Debug|Any CPU.ActiveCfg = Debug|Any CPU
		{8139AD19-0AA1-4AEF-AA0E-B2F03F5E2031}.Debug|Any CPU.Build.0 = Debug|Any CPU
		{8139AD19-0AA1-4AEF-AA0E-B2F03F5E2031}.Release|Any CPU.ActiveCfg = Release|Any CPU
		{8139AD19-0AA1-4AEF-AA0E-B2F03F5E2031}.Release|Any CPU.Build.0 = Release|Any CPU
	EndGlobalSection
	GlobalSection(SolutionProperties) = preSolution
		HideSolutionNode = FALSE
	EndGlobalSection
	GlobalSection(ExtensibilityGlobals) = postSolution
		SolutionGuid = {4222398B-8683-4D71-844D-B7424C225793}
	EndGlobalSection
EndGlobal
