
Microsoft Visual Studio Solution File, Format Version 12.00
# Visual Studio Version 16
VisualStudioVersion = 16.0.30804.86
MinimumVisualStudioVersion = 10.0.40219.1
Project("{9A19103F-16F7-4668-BE54-9A1E7A4F7556}") = "01.InitialSetup", "01.InitialSetup\01.InitialSetup.csproj", "{FFA84A0E-4B75-41D3-A996-7B5FEBE3839E}"
EndProject
Project("{9A19103F-16F7-4668-BE54-9A1E7A4F7556}") = "02.VillainNames", "02.VillainNames\02.VillainNames.csproj", "{5F9D922A-84C7-4879-9F63-3C565DB1353F}"
EndProject
Project("{9A19103F-16F7-4668-BE54-9A1E7A4F7556}") = "03.MinionNames", "03.MinionNames\03.MinionNames.csproj", "{C88665F8-87EC-4CBF-8FE0-670CCF1E731C}"
EndProject
Project("{FAE04EC0-301F-11D3-BF4B-00C04F79EFBC}") = "04.AddMinion", "04.AddMinion\04.AddMinion.csproj", "{5451DD9F-81C3-4DB0-B5CE-B6BEA41B4468}"
EndProject
Global
	GlobalSection(SolutionConfigurationPlatforms) = preSolution
		Debug|Any CPU = Debug|Any CPU
		Release|Any CPU = Release|Any CPU
	EndGlobalSection
	GlobalSection(ProjectConfigurationPlatforms) = postSolution
		{FFA84A0E-4B75-41D3-A996-7B5FEBE3839E}.Debug|Any CPU.ActiveCfg = Debug|Any CPU
		{FFA84A0E-4B75-41D3-A996-7B5FEBE3839E}.Debug|Any CPU.Build.0 = Debug|Any CPU
		{FFA84A0E-4B75-41D3-A996-7B5FEBE3839E}.Release|Any CPU.ActiveCfg = Release|Any CPU
		{FFA84A0E-4B75-41D3-A996-7B5FEBE3839E}.Release|Any CPU.Build.0 = Release|Any CPU
		{5F9D922A-84C7-4879-9F63-3C565DB1353F}.Debug|Any CPU.ActiveCfg = Debug|Any CPU
		{5F9D922A-84C7-4879-9F63-3C565DB1353F}.Debug|Any CPU.Build.0 = Debug|Any CPU
		{5F9D922A-84C7-4879-9F63-3C565DB1353F}.Release|Any CPU.ActiveCfg = Release|Any CPU
		{5F9D922A-84C7-4879-9F63-3C565DB1353F}.Release|Any CPU.Build.0 = Release|Any CPU
		{C88665F8-87EC-4CBF-8FE0-670CCF1E731C}.Debug|Any CPU.ActiveCfg = Debug|Any CPU
		{C88665F8-87EC-4CBF-8FE0-670CCF1E731C}.Debug|Any CPU.Build.0 = Debug|Any CPU
		{C88665F8-87EC-4CBF-8FE0-670CCF1E731C}.Release|Any CPU.ActiveCfg = Release|Any CPU
		{C88665F8-87EC-4CBF-8FE0-670CCF1E731C}.Release|Any CPU.Build.0 = Release|Any CPU
		{5451DD9F-81C3-4DB0-B5CE-B6BEA41B4468}.Debug|Any CPU.ActiveCfg = Debug|Any CPU
		{5451DD9F-81C3-4DB0-B5CE-B6BEA41B4468}.Debug|Any CPU.Build.0 = Debug|Any CPU
		{5451DD9F-81C3-4DB0-B5CE-B6BEA41B4468}.Release|Any CPU.ActiveCfg = Release|Any CPU
		{5451DD9F-81C3-4DB0-B5CE-B6BEA41B4468}.Release|Any CPU.Build.0 = Release|Any CPU
	EndGlobalSection
	GlobalSection(SolutionProperties) = preSolution
		HideSolutionNode = FALSE
	EndGlobalSection
	GlobalSection(ExtensibilityGlobals) = postSolution
		SolutionGuid = {C12B0E7E-421F-4F70-A6A2-E033CCBF5453}
	EndGlobalSection
EndGlobal
