
Microsoft Visual Studio Solution File, Format Version 12.00
# Visual Studio Version 16
VisualStudioVersion = 16.0.31112.23
MinimumVisualStudioVersion = 10.0.40219.1
Project("{9A19103F-16F7-4668-BE54-9A1E7A4F7556}") = "MyWebServer", "MyWebServer\MyWebServer.csproj", "{7B7D0396-8EE0-410A-B505-0F98421F9721}"
EndProject
Project("{FAE04EC0-301F-11D3-BF4B-00C04F79EFBC}") = "CarShop", "CarShop\CarShop.csproj", "{F80720BE-1AD1-4725-81C9-3E34D5EA27FB}"
EndProject
Global
	GlobalSection(SolutionConfigurationPlatforms) = preSolution
		Debug|Any CPU = Debug|Any CPU
		Release|Any CPU = Release|Any CPU
	EndGlobalSection
	GlobalSection(ProjectConfigurationPlatforms) = postSolution
		{7B7D0396-8EE0-410A-B505-0F98421F9721}.Debug|Any CPU.ActiveCfg = Debug|Any CPU
		{7B7D0396-8EE0-410A-B505-0F98421F9721}.Debug|Any CPU.Build.0 = Debug|Any CPU
		{7B7D0396-8EE0-410A-B505-0F98421F9721}.Release|Any CPU.ActiveCfg = Release|Any CPU
		{7B7D0396-8EE0-410A-B505-0F98421F9721}.Release|Any CPU.Build.0 = Release|Any CPU
		{F80720BE-1AD1-4725-81C9-3E34D5EA27FB}.Debug|Any CPU.ActiveCfg = Debug|Any CPU
		{F80720BE-1AD1-4725-81C9-3E34D5EA27FB}.Debug|Any CPU.Build.0 = Debug|Any CPU
		{F80720BE-1AD1-4725-81C9-3E34D5EA27FB}.Release|Any CPU.ActiveCfg = Release|Any CPU
		{F80720BE-1AD1-4725-81C9-3E34D5EA27FB}.Release|Any CPU.Build.0 = Release|Any CPU
	EndGlobalSection
	GlobalSection(SolutionProperties) = preSolution
		HideSolutionNode = FALSE
	EndGlobalSection
	GlobalSection(ExtensibilityGlobals) = postSolution
		SolutionGuid = {92FB6ADD-5D31-4C2E-8134-6C2333B91872}
	EndGlobalSection
EndGlobal
