
Microsoft Visual Studio Solution File, Format Version 12.00
# Visual Studio Version 16
VisualStudioVersion = 16.0.30413.136
MinimumVisualStudioVersion = 10.0.40219.1
Project("{9A19103F-16F7-4668-BE54-9A1E7A4F7556}") = "01.ClassBoxData", "01.ClassBoxData\01.ClassBoxData.csproj", "{0434D8F0-4EB8-4645-9798-8DAA2F9BF291}"
EndProject
Project("{9A19103F-16F7-4668-BE54-9A1E7A4F7556}") = "02.AnimalFarm", "02.AnimalFarm\AnimalFarm\02.AnimalFarm.csproj", "{5A7B9ED3-CCCD-40D4-9F56-E50AE865D0A8}"
EndProject
Project("{9A19103F-16F7-4668-BE54-9A1E7A4F7556}") = "03.ShoppingSpree", "03.ShoppingSpree\03.ShoppingSpree.csproj", "{FD10E6E1-1DB6-4EA5-9126-D670BA37D7EC}"
EndProject
Project("{FAE04EC0-301F-11D3-BF4B-00C04F79EFBC}") = "04.PizzaCalories", "04.PizzaCalories\04.PizzaCalories.csproj", "{99EE4584-7D52-4418-BEA6-412A90A02BA3}"
EndProject
Global
	GlobalSection(SolutionConfigurationPlatforms) = preSolution
		Debug|Any CPU = Debug|Any CPU
		Release|Any CPU = Release|Any CPU
	EndGlobalSection
	GlobalSection(ProjectConfigurationPlatforms) = postSolution
		{0434D8F0-4EB8-4645-9798-8DAA2F9BF291}.Debug|Any CPU.ActiveCfg = Debug|Any CPU
		{0434D8F0-4EB8-4645-9798-8DAA2F9BF291}.Debug|Any CPU.Build.0 = Debug|Any CPU
		{0434D8F0-4EB8-4645-9798-8DAA2F9BF291}.Release|Any CPU.ActiveCfg = Release|Any CPU
		{0434D8F0-4EB8-4645-9798-8DAA2F9BF291}.Release|Any CPU.Build.0 = Release|Any CPU
		{5A7B9ED3-CCCD-40D4-9F56-E50AE865D0A8}.Debug|Any CPU.ActiveCfg = Debug|Any CPU
		{5A7B9ED3-CCCD-40D4-9F56-E50AE865D0A8}.Debug|Any CPU.Build.0 = Debug|Any CPU
		{5A7B9ED3-CCCD-40D4-9F56-E50AE865D0A8}.Release|Any CPU.ActiveCfg = Release|Any CPU
		{5A7B9ED3-CCCD-40D4-9F56-E50AE865D0A8}.Release|Any CPU.Build.0 = Release|Any CPU
		{FD10E6E1-1DB6-4EA5-9126-D670BA37D7EC}.Debug|Any CPU.ActiveCfg = Debug|Any CPU
		{FD10E6E1-1DB6-4EA5-9126-D670BA37D7EC}.Debug|Any CPU.Build.0 = Debug|Any CPU
		{FD10E6E1-1DB6-4EA5-9126-D670BA37D7EC}.Release|Any CPU.ActiveCfg = Release|Any CPU
		{FD10E6E1-1DB6-4EA5-9126-D670BA37D7EC}.Release|Any CPU.Build.0 = Release|Any CPU
		{99EE4584-7D52-4418-BEA6-412A90A02BA3}.Debug|Any CPU.ActiveCfg = Debug|Any CPU
		{99EE4584-7D52-4418-BEA6-412A90A02BA3}.Debug|Any CPU.Build.0 = Debug|Any CPU
		{99EE4584-7D52-4418-BEA6-412A90A02BA3}.Release|Any CPU.ActiveCfg = Release|Any CPU
		{99EE4584-7D52-4418-BEA6-412A90A02BA3}.Release|Any CPU.Build.0 = Release|Any CPU
	EndGlobalSection
	GlobalSection(SolutionProperties) = preSolution
		HideSolutionNode = FALSE
	EndGlobalSection
	GlobalSection(ExtensibilityGlobals) = postSolution
		SolutionGuid = {1AC9C12B-4509-4107-B78C-FDD49E4EA71F}
	EndGlobalSection
EndGlobal
